
Microsoft Visual Studio Solution File, Format Version 12.00
# Visual Studio 15
VisualStudioVersion = 15.0.27130.2024
MinimumVisualStudioVersion = 10.0.40219.1
Project("{FAE04EC0-301F-11D3-BF4B-00C04F79EFBC}") = "PokemonLibrary", "PokemonLibrary\PokemonLibrary.csproj", "{AFA12967-35E3-4E6C-86B0-E35086C4F4F0}"
EndProject
Project("{FAE04EC0-301F-11D3-BF4B-00C04F79EFBC}") = "TestApp", "TestApp\TestApp.csproj", "{D7299777-1F90-41E0-B9A0-4C437A774DBD}"
EndProject
Global
	GlobalSection(SolutionConfigurationPlatforms) = preSolution
		Debug|Any CPU = Debug|Any CPU
		Release|Any CPU = Release|Any CPU
	EndGlobalSection
	GlobalSection(ProjectConfigurationPlatforms) = postSolution
		{AFA12967-35E3-4E6C-86B0-E35086C4F4F0}.Debug|Any CPU.ActiveCfg = Debug|Any CPU
		{AFA12967-35E3-4E6C-86B0-E35086C4F4F0}.Debug|Any CPU.Build.0 = Debug|Any CPU
		{AFA12967-35E3-4E6C-86B0-E35086C4F4F0}.Release|Any CPU.ActiveCfg = Release|Any CPU
		{AFA12967-35E3-4E6C-86B0-E35086C4F4F0}.Release|Any CPU.Build.0 = Release|Any CPU
		{D7299777-1F90-41E0-B9A0-4C437A774DBD}.Debug|Any CPU.ActiveCfg = Debug|Any CPU
		{D7299777-1F90-41E0-B9A0-4C437A774DBD}.Debug|Any CPU.Build.0 = Debug|Any CPU
		{D7299777-1F90-41E0-B9A0-4C437A774DBD}.Release|Any CPU.ActiveCfg = Release|Any CPU
		{D7299777-1F90-41E0-B9A0-4C437A774DBD}.Release|Any CPU.Build.0 = Release|Any CPU
	EndGlobalSection
	GlobalSection(SolutionProperties) = preSolution
		HideSolutionNode = FALSE
	EndGlobalSection
	GlobalSection(ExtensibilityGlobals) = postSolution
		SolutionGuid = {D7469649-6255-4377-8087-17FA92FFB3F4}
	EndGlobalSection
EndGlobal
