
Microsoft Visual Studio Solution File, Format Version 12.00
# Visual Studio 15
VisualStudioVersion = 15.0.27130.2024
MinimumVisualStudioVersion = 10.0.40219.1
Project("{FAE04EC0-301F-11D3-BF4B-00C04F79EFBC}") = "Example1-Console", "Example1-Console\Example1-Console.csproj", "{32C65640-FEA0-440C-99C9-B4206ABEA673}"
EndProject
Project("{FAE04EC0-301F-11D3-BF4B-00C04F79EFBC}") = "Example02-WinForm", "Example02-WinForm\Example02-WinForm.csproj", "{51038080-6BDE-458E-8615-68A8F71C8F62}"
EndProject
Project("{FAE04EC0-301F-11D3-BF4B-00C04F79EFBC}") = "Example03-Console", "Example03-Console\Example03-Console.csproj", "{0303902C-CF34-4FB5-8385-067BFEF6D731}"
EndProject
Global
	GlobalSection(SolutionConfigurationPlatforms) = preSolution
		Debug|Any CPU = Debug|Any CPU
		Release|Any CPU = Release|Any CPU
	EndGlobalSection
	GlobalSection(ProjectConfigurationPlatforms) = postSolution
		{32C65640-FEA0-440C-99C9-B4206ABEA673}.Debug|Any CPU.ActiveCfg = Debug|Any CPU
		{32C65640-FEA0-440C-99C9-B4206ABEA673}.Debug|Any CPU.Build.0 = Debug|Any CPU
		{32C65640-FEA0-440C-99C9-B4206ABEA673}.Release|Any CPU.ActiveCfg = Release|Any CPU
		{32C65640-FEA0-440C-99C9-B4206ABEA673}.Release|Any CPU.Build.0 = Release|Any CPU
		{51038080-6BDE-458E-8615-68A8F71C8F62}.Debug|Any CPU.ActiveCfg = Debug|Any CPU
		{51038080-6BDE-458E-8615-68A8F71C8F62}.Debug|Any CPU.Build.0 = Debug|Any CPU
		{51038080-6BDE-458E-8615-68A8F71C8F62}.Release|Any CPU.ActiveCfg = Release|Any CPU
		{51038080-6BDE-458E-8615-68A8F71C8F62}.Release|Any CPU.Build.0 = Release|Any CPU
		{0303902C-CF34-4FB5-8385-067BFEF6D731}.Debug|Any CPU.ActiveCfg = Debug|Any CPU
		{0303902C-CF34-4FB5-8385-067BFEF6D731}.Debug|Any CPU.Build.0 = Debug|Any CPU
		{0303902C-CF34-4FB5-8385-067BFEF6D731}.Release|Any CPU.ActiveCfg = Release|Any CPU
		{0303902C-CF34-4FB5-8385-067BFEF6D731}.Release|Any CPU.Build.0 = Release|Any CPU
	EndGlobalSection
	GlobalSection(SolutionProperties) = preSolution
		HideSolutionNode = FALSE
	EndGlobalSection
	GlobalSection(ExtensibilityGlobals) = postSolution
		SolutionGuid = {C9210723-3027-4CAA-9D26-66F028FF2D96}
	EndGlobalSection
EndGlobal
