
Microsoft Visual Studio Solution File, Format Version 12.00
# Visual Studio 15
VisualStudioVersion = 15.0.27130.2024
MinimumVisualStudioVersion = 10.0.40219.1
Project("{FAE04EC0-301F-11D3-BF4B-00C04F79EFBC}") = "MainForm", "MainForm\MainForm.csproj", "{127A99B6-393B-48C1-9FC3-DC019DB2C488}"
EndProject
Global
	GlobalSection(SolutionConfigurationPlatforms) = preSolution
		Debug|Any CPU = Debug|Any CPU
		Release|Any CPU = Release|Any CPU
	EndGlobalSection
	GlobalSection(ProjectConfigurationPlatforms) = postSolution
		{127A99B6-393B-48C1-9FC3-DC019DB2C488}.Debug|Any CPU.ActiveCfg = Debug|Any CPU
		{127A99B6-393B-48C1-9FC3-DC019DB2C488}.Debug|Any CPU.Build.0 = Debug|Any CPU
		{127A99B6-393B-48C1-9FC3-DC019DB2C488}.Release|Any CPU.ActiveCfg = Release|Any CPU
		{127A99B6-393B-48C1-9FC3-DC019DB2C488}.Release|Any CPU.Build.0 = Release|Any CPU
	EndGlobalSection
	GlobalSection(SolutionProperties) = preSolution
		HideSolutionNode = FALSE
	EndGlobalSection
	GlobalSection(ExtensibilityGlobals) = postSolution
		SolutionGuid = {89543BF0-7E0D-431C-9BFD-2BE18B67C0F0}
	EndGlobalSection
EndGlobal
